
Microsoft Visual Studio Solution File, Format Version 12.00
# Visual Studio 2013
VisualStudioVersion = 12.0.31101.0
MinimumVisualStudioVersion = 10.0.40219.1
Project("{FAE04EC0-301F-11D3-BF4B-00C04F79EFBC}") = "datacenter.eju.com", "datacenter.eju.com\datacenter.eju.com.csproj", "{DC02ED4B-A6CA-403D-803E-1ABBAFDA14D7}"
EndProject
Project("{FAE04EC0-301F-11D3-BF4B-00C04F79EFBC}") = "MonQ", "..\MonQ\MonQ.csproj", "{DD1D103F-3D45-425F-8D11-6502C8DD0FE9}"
EndProject
Global
	GlobalSection(SolutionConfigurationPlatforms) = preSolution
		Debug|Any CPU = Debug|Any CPU
		Release|Any CPU = Release|Any CPU
	EndGlobalSection
	GlobalSection(ProjectConfigurationPlatforms) = postSolution
		{DC02ED4B-A6CA-403D-803E-1ABBAFDA14D7}.Debug|Any CPU.ActiveCfg = Debug|Any CPU
		{DC02ED4B-A6CA-403D-803E-1ABBAFDA14D7}.Debug|Any CPU.Build.0 = Debug|Any CPU
		{DC02ED4B-A6CA-403D-803E-1ABBAFDA14D7}.Release|Any CPU.ActiveCfg = Release|Any CPU
		{DC02ED4B-A6CA-403D-803E-1ABBAFDA14D7}.Release|Any CPU.Build.0 = Release|Any CPU
		{DD1D103F-3D45-425F-8D11-6502C8DD0FE9}.Debug|Any CPU.ActiveCfg = Debug|Any CPU
		{DD1D103F-3D45-425F-8D11-6502C8DD0FE9}.Debug|Any CPU.Build.0 = Debug|Any CPU
		{DD1D103F-3D45-425F-8D11-6502C8DD0FE9}.Release|Any CPU.ActiveCfg = Release|Any CPU
		{DD1D103F-3D45-425F-8D11-6502C8DD0FE9}.Release|Any CPU.Build.0 = Release|Any CPU
	EndGlobalSection
	GlobalSection(SolutionProperties) = preSolution
		HideSolutionNode = FALSE
	EndGlobalSection
EndGlobal
